{
    "_meta": {
        "hash": {
            "sha256": "256a04831569a157a7f65d92d858b12ea855bae13e117f0dffec468727875dab"
        },
        "pipfile-spec": 6,
        "requires": {},
        "sources": [
            {
                "name": "pypi",
                "url": "https://pypi.org/simple",
                "verify_ssl": true
            }
        ]
    },
    "default": {
        "certifi": {
            "hashes": [
                "sha256:47f9c83ef4c0c621eaef743f133f09fa8a74a9b75f037e8624f83bd1b6626cb7",
                "sha256:993f830721089fef441cdfeb4b2c8c9df86f0c63239f06bd025a76a7daddb033"
            ],
            "version": "==2018.11.29"
        },
        "chardet": {
            "hashes": [
                "sha256:84ab92ed1c4d4f16916e05906b6b75a6c0fb5db821cc65e70cbd64a3e2a5eaae",
                "sha256:fc323ffcaeaed0e0a02bf4d117757b98aed530d9ed4531e3e15460124c106691"
            ],
            "version": "==3.0.4"
        },
        "cython": {
            "hashes": [
                "sha256:0202f753b0a69dd87095b698df00010daf452ab61279747248a042a24892a2a9",
                "sha256:0fbe9514ffe35aad337db27b11f7ee1bf27d01059b2e27f112315b185d69de79",
                "sha256:18ab7646985a97e02cee72e1ddba2e732d4931d4e1732494ff30c5aa084bfb97",
                "sha256:18bb95daa41fd2ff0102844172bc068150bf031186249fc70c6f57fc75c9c0a9",
                "sha256:222c65c7022ff52faf3ac6c706e4e8a726ddaa29dabf2173b2a0fdfc1a2f1586",
                "sha256:2387c5a2a436669de9157d117fd426dfc2b46ffdc49e43f0a2267380896c04ea",
                "sha256:31bad130b701587ab7e74c3c304bb3d63d9f0d365e3f81880203e8e476d914b1",
                "sha256:3895014b1a653726a9da5aca852d9e6d0e2c2667bf315d6a2cd632bf7463130b",
                "sha256:3d38967ef9c1c0ffabe80827f56817609153e2da83e3dce84476d0928c72972c",
                "sha256:5478efd92291084adc9b679666aeaeaafca69d6bf3e95fe3efce82814e3ab782",
                "sha256:5c2a6121e4e1e65690b60c270012218e38201bcf700314b1926d5dbeae78a499",
                "sha256:5f66f7f76fc870500fe6db0c02d5fc4187062d29e582431f5a986881c5aef4e3",
                "sha256:6572d74990b16480608441b941c1cefd60bf742416bc3668cf311980f740768d",
                "sha256:6990b9965f31762ac71340869c064f39fb6776beca396d0558d3b5b1ebb7f027",
                "sha256:87c82803f9c51c275b16c729aade952ca93c74a8aec963b9b8871df9bbb3120a",
                "sha256:8fd32974024052b2260d08b94f970c4c1d92c327ed3570a2b4708070fa53a879",
                "sha256:9a81bba33c7fbdb76e6fe8d15b6e793a1916afd4d2463f07d762c69efaaea466",
                "sha256:9c31cb9bfaa1004a2a50115a37e1fcb79d664917968399dae3e04610356afe8c",
                "sha256:a0b28235c28a088e052f90a0b5fefaa503e5378046a29d0af045e2ec9d5d6555",
                "sha256:a3f5022d818b6c91a8bbc466211e6fd708f234909cbb10bc4dbccb2a04884ef6",
                "sha256:a7252ca498f510404185e3c1bdda3224e80b1be1a5fbc2b174aab83a477ea0cb",
                "sha256:aa8d7136cad8b2a7bf3596e1bc053476edeee567271f197449b2d30ea0c37175",
                "sha256:b50a8de6f2820286129fe7d71d76c9e0c0f53a8c83cf39bbe6375b827994e4f1",
                "sha256:b528a9c152c569062375d5c2260b59f8243bb4136fc38420854ac1bd4aa0d02f",
                "sha256:b72db7201a4aa0445f27af9954d48ed7d2c119ce3b8b253e4dcd514fc72e5dc6",
                "sha256:d3444e10ccb5b16e4c1bed3cb3c565ec676b20a21eb43430e70ec4168c631dcc",
                "sha256:e16d6f06f4d2161347e51c4bc1f7a8feedeee444d26efa92243f18441a6fa742",
                "sha256:f5774bef92d33a62a584f6e7552a9a8653241ecc036e259bfb03d33091599537"
            ],
            "index": "pypi",
            "version": "==0.29.1"
        },
        "docutils": {
            "hashes": [
                "sha256:02aec4bd92ab067f6ff27a38a38a41173bf01bed8f89157768c1573f53e474a6",
                "sha256:51e64ef2ebfb29cae1faa133b3710143496eca21c530f3f71424d77687764274",
                "sha256:7a4bd47eaf6596e1295ecb11361139febe29b084a87bf005bf899f9a42edc3c6"
            ],
            "version": "==0.14"
        },
        "idna": {
            "hashes": [
                "sha256:156a6814fb5ac1fc6850fb002e0852d56c0c8d2531923a51032d1b70760e186e",
                "sha256:684a38a6f903c1d71d6d5fac066b58d7768af4de2b832e426ec79c30daa94a16"
            ],
            "version": "==2.7"
        },
        "kivy": {
            "hashes": [
                "sha256:05985f3e16065a476293695cef39f0b8faa81353475692b8c60ca2530ba08175",
                "sha256:44a64f72182dd40aceef2041259359513dafeeecc0891d2d23056799d51babb0",
                "sha256:48a0d3edf8fbc9206ebb7abae8d7e2017c5d5f81cf6e76c2e5510193d607420e",
                "sha256:6bbeccc9c52a264fb53b7aaa344d865f054da09cc08e15b482754c2d4e3a5cfd",
                "sha256:7131a24e30b80f9b7b6e7a1c124f0b5002ef58de35856aff38762b216a4e77fb",
                "sha256:77cd45a1aee9061c7474020def1b7b31eb4665e5424c45c23a6a7e4f5afee6b9",
                "sha256:7ce9e88b75de47a3f1d52cbe6924c18cafc83fa102e54f6794d241746e93fdff",
                "sha256:8f912c0742c7f9582676106ae5a526c3f38bc01a196edd26186c74975b08fad0",
                "sha256:952d7483b4f29ebeabb612897cdfdcdd12c33f1bdb51fb0082d36dfcf543ec0b",
                "sha256:b0ec00fd3a6dbe56c31510151e8bb14f54390dbc31c5047d61aa90d069c5ec04",
                "sha256:c4ad43fb04c899be27baa5a6e382c79620fc3602213221cb97da2280f345b2d6",
                "sha256:cb6f052d69748a7db70970e5a8ee3d96506751fcfcc8bf979424fcd788473037",
                "sha256:d1113ee88eaff5127ecc05121570f1f2adec21d7f1699ef1c6c2bf4396e51578"
            ],
            "index": "pypi",
            "version": "==1.10.1"
        },
        "kivy-garden": {
            "hashes": [
                "sha256:c256f42788421273a08fbb0a228f0fb0e80dd86b629fb8c0920507f645be6c72"
            ],
            "version": "==0.1.4"
        },
        "pygame": {
            "hashes": [
                "sha256:06dc92ccfea33b85f209db3d49f99a2a30c88fe9fb80fa2564cee443ece787b5",
                "sha256:0919a2ec5fcb0d00518c2a5fa99858ccf22d7fbcc0e12818b317062d11386984",
                "sha256:0a8c92e700e0042faefa998fa064616f330201890d6ea1c993eb3ff30ab53e99",
                "sha256:220a1048ebb3d11a4d48cc4219ec8f65ca62fcafd255239478677625e8ead2e9",
                "sha256:315861d2b8428f7b4d56d2c98d6c1acc18f08c77af4b129211bc036774f64be2",
                "sha256:3469e87867832fe5226396626a8a6a9dac9b2e21a7819dd8cd96cf0e08bbcd41",
                "sha256:54c19960180626165512d596235d75dc022d38844467cec769a8d8153fd66645",
                "sha256:5ba598736ab9716f53dc943a659a9578f62acfe00c0c9c5490f3aca61d078f75",
                "sha256:60ddc4f361babb30ff2d554132b1f3296490f3149d6c1c77682213563f59937a",
                "sha256:6a49ab8616a9de534f1bf62c98beabf0e0bb0b6ff8917576bba22820bba3fdad",
                "sha256:6d4966eeba652df2fd9a757b3fc5b29b578b47b58f991ad714471661ea2141cb",
                "sha256:700d1781c999af25d11bfd1f3e158ebb660f72ebccb2040ecafe5069d0b2c0b6",
                "sha256:73f4c28e894e76797b8ccaf6eb1205b433efdb803c70f489ebc3db6ac9c097e6",
                "sha256:786eca2bea11abd924f3f67eb2483bcb22acff08f28dbdbf67130abe54b23797",
                "sha256:7bcf586a1c51a735361ca03561979eea3180de45e6165bcdfa12878b752544af",
                "sha256:82a1e93d82c1babceeb278c55012a9f5140e77665d372a6d97ec67786856d254",
                "sha256:9e03589bc80a21ae951fca7659a767b7cac668289937e3756c0ab3d753cf6d24",
                "sha256:aa8926a4e34fb0943abe1a8bb04a0ad82265341bf20064c0862db0a521100dfc",
                "sha256:aa90689b889c417d2ac571ef2bbb5f7e735ae30c7553c60fae7508404f46c101",
                "sha256:c9f8cdefee267a2e690bf17d61a8f5670b620f25a981f24781b034363a8eedc9",
                "sha256:d9177afb2f46103bfc28a51fbc49ce18987a857e5c934db47b4a7030cb30fbd0",
                "sha256:deb0551d4bbfb8131e2463a7fe1943bfcec5beb11acdf9c4bfa27fa5a9758d62",
                "sha256:e7edfe57a5972aa9130ce9a186020a0f097e7a8e4c25e292109bdae1432b77f9",
                "sha256:f0ad32efb9e26160645d62ba6cf3e5a5828dc4e82e8f41f9badfe7b685b07295"
            ],
            "index": "pypi",
            "version": "==1.9.4"
        },
        "pygments": {
            "hashes": [
                "sha256:6301ecb0997a52d2d31385e62d0a4a4cf18d2f2da7054a5ddad5c366cd39cee7",
                "sha256:82666aac15622bd7bb685a4ee7f6625dd716da3ef7473620c192c0168aae64fc"
            ],
            "index": "pypi",
            "version": "==2.3.0"
        },
        "requests": {
            "hashes": [
                "sha256:65b3a120e4329e33c9889db89c80976c5272f56ea92d3e74da8a463992e3ff54",
                "sha256:ea881206e59f41dbd0bd445437d792e43906703fff75ca8ff43ccdb11f33f263"
            ],
            "version": "==2.20.1"
        },
        "urllib3": {
            "hashes": [
                "sha256:61bf29cada3fc2fbefad4fdf059ea4bd1b4a86d2b6d15e1c7c0b582b9752fe39",
                "sha256:de9529817c93f27c8ccbfead6985011db27bd0ddfcdb2d86f3f663385c6a9c22"
            ],
            "version": "==1.24.1"
        }
    },
    "develop": {
        "altgraph": {
            "hashes": [
                "sha256:d6814989f242b2b43025cba7161fc1b8fb487a62cd49c49245d6fd01c18ac997",
                "sha256:ddf5320017147ba7b810198e0b6619bd7b5563aa034da388cea8546b877f9b0c"
            ],
            "version": "==0.16.1"
        },
        "autopep8": {
            "hashes": [
                "sha256:33d2b5325b7e1afb4240814fe982eea3a92ebea712869bfd08b3c0393404248c"
            ],
            "index": "pypi",
            "version": "==1.4.3"
        },
        "flake8": {
            "hashes": [
                "sha256:6a35f5b8761f45c5513e3405f110a86bea57982c3b75b766ce7b65217abe1670",
                "sha256:c01f8a3963b3571a8e6bd7a4063359aff90749e160778e03817cd9b71c9e07d2"
            ],
            "index": "pypi",
            "version": "==3.6.0"
        },
        "future": {
            "hashes": [
                "sha256:67045236dcfd6816dc439556d009594abf643e5eb48992e36beac09c2ca659b8"
            ],
            "version": "==0.17.1"
        },
        "macholib": {
            "hashes": [
                "sha256:ac02d29898cf66f27510d8f39e9112ae00590adb4a48ec57b25028d6962b1ae1",
                "sha256:c4180ffc6f909bf8db6cd81cff4b6f601d575568f4d5dee148c830e9851eb9db"
            ],
            "version": "==1.11"
        },
        "mccabe": {
            "hashes": [
                "sha256:ab8a6258860da4b6677da4bd2fe5dc2c659cff31b3ee4f7f5d64e79735b80d42",
                "sha256:dd8d182285a0fe56bace7f45b5e7d1a6ebcbf524e8f3bd87eb0f125271b8831f"
            ],
            "version": "==0.6.1"
        },
        "pefile": {
            "hashes": [
                "sha256:4c5b7e2de0c8cb6c504592167acf83115cbbde01fe4a507c16a1422850e86cd6"
            ],
            "version": "==2018.8.8"
        },
        "pycodestyle": {
            "hashes": [
                "sha256:cbc619d09254895b0d12c2c691e237b2e91e9b2ecf5e84c26b35400f93dcfb83",
                "sha256:cbfca99bd594a10f674d0cd97a3d802a1fdef635d4361e1a2658de47ed261e3a"
            ],
            "version": "==2.4.0"
        },
        "pyflakes": {
            "hashes": [
                "sha256:9a7662ec724d0120012f6e29d6248ae3727d821bba522a0e6b356eff19126a49",
                "sha256:f661252913bc1dbe7fcfcbf0af0db3f42ab65aabd1a6ca68fe5d466bace94dae"
            ],
            "version": "==2.0.0"
        },
        "pyinstaller": {
            "hashes": [
                "sha256:a5a6e04a66abfcf8761e89a2ebad937919c6be33a7b8963e1a961b55cb35986b"
            ],
            "index": "pypi",
            "version": "==3.4"
        }
    }
}
